
Microsoft Visual Studio Solution File, Format Version 12.00
# Visual Studio Version 17
VisualStudioVersion = 17.4.33103.184
MinimumVisualStudioVersion = 10.0.40219.1
Project("{FAE04EC0-301F-11D3-BF4B-00C04F79EFBC}") = "CRUD_Mongo_Biblioteca", "CRUD_Mongo_Biblioteca\CRUD_Mongo_Biblioteca.csproj", "{F5D39831-87B9-4890-9677-61B580EE3803}"
EndProject
Global
	GlobalSection(SolutionConfigurationPlatforms) = preSolution
		Debug|Any CPU = Debug|Any CPU
		Release|Any CPU = Release|Any CPU
	EndGlobalSection
	GlobalSection(ProjectConfigurationPlatforms) = postSolution
		{F5D39831-87B9-4890-9677-61B580EE3803}.Debug|Any CPU.ActiveCfg = Debug|Any CPU
		{F5D39831-87B9-4890-9677-61B580EE3803}.Debug|Any CPU.Build.0 = Debug|Any CPU
		{F5D39831-87B9-4890-9677-61B580EE3803}.Release|Any CPU.ActiveCfg = Release|Any CPU
		{F5D39831-87B9-4890-9677-61B580EE3803}.Release|Any CPU.Build.0 = Release|Any CPU
	EndGlobalSection
	GlobalSection(SolutionProperties) = preSolution
		HideSolutionNode = FALSE
	EndGlobalSection
	GlobalSection(ExtensibilityGlobals) = postSolution
		SolutionGuid = {B5D754B3-B175-4653-A45D-4DE8EF45FC32}
	EndGlobalSection
EndGlobal
